
Microsoft Visual Studio Solution File, Format Version 12.00
# Visual Studio Version 16
VisualStudioVersion = 16.0.30413.136
MinimumVisualStudioVersion = 10.0.40219.1
Project("{9A19103F-16F7-4668-BE54-9A1E7A4F7556}") = "GuessingGame", "GuessingGame\GuessingGame.csproj", "{0FA08893-B45C-4415-BDD4-6D1CACBF338B}"
EndProject
Project("{9A19103F-16F7-4668-BE54-9A1E7A4F7556}") = "MeanAndMedian", "MeanAndMedian\MeanAndMedian.csproj", "{E0C9ACDE-CADC-4D1E-B732-12919D4FE501}"
EndProject
Project("{9A19103F-16F7-4668-BE54-9A1E7A4F7556}") = "MatricesSumAndDiff", "MatricesSumAndDiff\MatricesSumAndDiff.csproj", "{170EA47A-ECF7-48E9-8E00-6B0E88378BB0}"
EndProject
Project("{9A19103F-16F7-4668-BE54-9A1E7A4F7556}") = "SinValue", "SinValue\SinValue.csproj", "{BF26DDF0-6806-4959-B9E8-66E2953046DE}"
EndProject
Project("{9A19103F-16F7-4668-BE54-9A1E7A4F7556}") = "Calculator", "Calculator\Calculator.csproj", "{76DCA299-C9FE-4086-806A-AD9C5B16D2A4}"
EndProject
Project("{FAE04EC0-301F-11D3-BF4B-00C04F79EFBC}") = "RandomBabyNameGenerator", "RandomBabyNameGenerator\RandomBabyNameGenerator.csproj", "{D744EDFB-2957-48F0-B6BF-9B544075F5D2}"
EndProject
Project("{9A19103F-16F7-4668-BE54-9A1E7A4F7556}") = "FizzBuzzProgram", "FizzBuzzProgram\FizzBuzzProgram.csproj", "{89EB0CE7-6075-43AE-96F2-F3553834838A}"
EndProject
Project("{9A19103F-16F7-4668-BE54-9A1E7A4F7556}") = "XORCipher", "XORCipher\XORCipher.csproj", "{1710EAE9-08BF-41B1-B576-B494000FE33E}"
EndProject
Project("{FAE04EC0-301F-11D3-BF4B-00C04F79EFBC}") = "RandomPasswordGenerator", "RandomPasswordGenerator\RandomPasswordGenerator.csproj", "{C1C282D3-5049-4D5B-A5F4-FB846ACA2A29}"
EndProject
Project("{FAE04EC0-301F-11D3-BF4B-00C04F79EFBC}") = "RockPaperScissorGame", "RockPaperScissorGame\RockPaperScissorGame.csproj", "{7892576F-13C6-4AED-B4E0-40C163E1BD1B}"
EndProject
Global
	GlobalSection(SolutionConfigurationPlatforms) = preSolution
		Debug|Any CPU = Debug|Any CPU
		Release|Any CPU = Release|Any CPU
	EndGlobalSection
	GlobalSection(ProjectConfigurationPlatforms) = postSolution
		{0FA08893-B45C-4415-BDD4-6D1CACBF338B}.Debug|Any CPU.ActiveCfg = Debug|Any CPU
		{0FA08893-B45C-4415-BDD4-6D1CACBF338B}.Debug|Any CPU.Build.0 = Debug|Any CPU
		{0FA08893-B45C-4415-BDD4-6D1CACBF338B}.Release|Any CPU.ActiveCfg = Release|Any CPU
		{0FA08893-B45C-4415-BDD4-6D1CACBF338B}.Release|Any CPU.Build.0 = Release|Any CPU
		{E0C9ACDE-CADC-4D1E-B732-12919D4FE501}.Debug|Any CPU.ActiveCfg = Debug|Any CPU
		{E0C9ACDE-CADC-4D1E-B732-12919D4FE501}.Debug|Any CPU.Build.0 = Debug|Any CPU
		{E0C9ACDE-CADC-4D1E-B732-12919D4FE501}.Release|Any CPU.ActiveCfg = Release|Any CPU
		{E0C9ACDE-CADC-4D1E-B732-12919D4FE501}.Release|Any CPU.Build.0 = Release|Any CPU
		{170EA47A-ECF7-48E9-8E00-6B0E88378BB0}.Debug|Any CPU.ActiveCfg = Debug|Any CPU
		{170EA47A-ECF7-48E9-8E00-6B0E88378BB0}.Debug|Any CPU.Build.0 = Debug|Any CPU
		{170EA47A-ECF7-48E9-8E00-6B0E88378BB0}.Release|Any CPU.ActiveCfg = Release|Any CPU
		{170EA47A-ECF7-48E9-8E00-6B0E88378BB0}.Release|Any CPU.Build.0 = Release|Any CPU
		{BF26DDF0-6806-4959-B9E8-66E2953046DE}.Debug|Any CPU.ActiveCfg = Debug|Any CPU
		{BF26DDF0-6806-4959-B9E8-66E2953046DE}.Debug|Any CPU.Build.0 = Debug|Any CPU
		{BF26DDF0-6806-4959-B9E8-66E2953046DE}.Release|Any CPU.ActiveCfg = Release|Any CPU
		{BF26DDF0-6806-4959-B9E8-66E2953046DE}.Release|Any CPU.Build.0 = Release|Any CPU
		{76DCA299-C9FE-4086-806A-AD9C5B16D2A4}.Debug|Any CPU.ActiveCfg = Debug|Any CPU
		{76DCA299-C9FE-4086-806A-AD9C5B16D2A4}.Debug|Any CPU.Build.0 = Debug|Any CPU
		{76DCA299-C9FE-4086-806A-AD9C5B16D2A4}.Release|Any CPU.ActiveCfg = Release|Any CPU
		{76DCA299-C9FE-4086-806A-AD9C5B16D2A4}.Release|Any CPU.Build.0 = Release|Any CPU
		{D744EDFB-2957-48F0-B6BF-9B544075F5D2}.Debug|Any CPU.ActiveCfg = Debug|Any CPU
		{D744EDFB-2957-48F0-B6BF-9B544075F5D2}.Debug|Any CPU.Build.0 = Debug|Any CPU
		{D744EDFB-2957-48F0-B6BF-9B544075F5D2}.Release|Any CPU.ActiveCfg = Release|Any CPU
		{D744EDFB-2957-48F0-B6BF-9B544075F5D2}.Release|Any CPU.Build.0 = Release|Any CPU
		{89EB0CE7-6075-43AE-96F2-F3553834838A}.Debug|Any CPU.ActiveCfg = Debug|Any CPU
		{89EB0CE7-6075-43AE-96F2-F3553834838A}.Debug|Any CPU.Build.0 = Debug|Any CPU
		{89EB0CE7-6075-43AE-96F2-F3553834838A}.Release|Any CPU.ActiveCfg = Release|Any CPU
		{89EB0CE7-6075-43AE-96F2-F3553834838A}.Release|Any CPU.Build.0 = Release|Any CPU
		{1710EAE9-08BF-41B1-B576-B494000FE33E}.Debug|Any CPU.ActiveCfg = Debug|Any CPU
		{1710EAE9-08BF-41B1-B576-B494000FE33E}.Debug|Any CPU.Build.0 = Debug|Any CPU
		{1710EAE9-08BF-41B1-B576-B494000FE33E}.Release|Any CPU.ActiveCfg = Release|Any CPU
		{1710EAE9-08BF-41B1-B576-B494000FE33E}.Release|Any CPU.Build.0 = Release|Any CPU
		{C1C282D3-5049-4D5B-A5F4-FB846ACA2A29}.Debug|Any CPU.ActiveCfg = Debug|Any CPU
		{C1C282D3-5049-4D5B-A5F4-FB846ACA2A29}.Debug|Any CPU.Build.0 = Debug|Any CPU
		{C1C282D3-5049-4D5B-A5F4-FB846ACA2A29}.Release|Any CPU.ActiveCfg = Release|Any CPU
		{C1C282D3-5049-4D5B-A5F4-FB846ACA2A29}.Release|Any CPU.Build.0 = Release|Any CPU
		{7892576F-13C6-4AED-B4E0-40C163E1BD1B}.Debug|Any CPU.ActiveCfg = Debug|Any CPU
		{7892576F-13C6-4AED-B4E0-40C163E1BD1B}.Debug|Any CPU.Build.0 = Debug|Any CPU
		{7892576F-13C6-4AED-B4E0-40C163E1BD1B}.Release|Any CPU.ActiveCfg = Release|Any CPU
		{7892576F-13C6-4AED-B4E0-40C163E1BD1B}.Release|Any CPU.Build.0 = Release|Any CPU
	EndGlobalSection
	GlobalSection(SolutionProperties) = preSolution
		HideSolutionNode = FALSE
	EndGlobalSection
	GlobalSection(ExtensibilityGlobals) = postSolution
		SolutionGuid = {11018B51-AC37-40EE-8680-06BD7CA398F2}
	EndGlobalSection
EndGlobal
